
Microsoft Visual Studio Solution File, Format Version 12.00
# Visual Studio Version 17
VisualStudioVersion = 17.4.33122.133
MinimumVisualStudioVersion = 10.0.40219.1
Project("{FAE04EC0-301F-11D3-BF4B-00C04F79EFBC}") = "OOP-Lab8", "OOP-Lab8.csproj", "{5DFA96DC-F6E3-4160-863D-E7F32F5EA8CA}"
EndProject
Project("{FAE04EC0-301F-11D3-BF4B-00C04F79EFBC}") = "ClassLibrary4", "..\ClassLibrary4\ClassLibrary4.csproj", "{172D2C03-02A9-49AF-893F-B63873EA0B48}"
EndProject
Global
	GlobalSection(SolutionConfigurationPlatforms) = preSolution
		Debug|Any CPU = Debug|Any CPU
		Release|Any CPU = Release|Any CPU
	EndGlobalSection
	GlobalSection(ProjectConfigurationPlatforms) = postSolution
		{5DFA96DC-F6E3-4160-863D-E7F32F5EA8CA}.Debug|Any CPU.ActiveCfg = Debug|Any CPU
		{5DFA96DC-F6E3-4160-863D-E7F32F5EA8CA}.Debug|Any CPU.Build.0 = Debug|Any CPU
		{5DFA96DC-F6E3-4160-863D-E7F32F5EA8CA}.Release|Any CPU.ActiveCfg = Release|Any CPU
		{5DFA96DC-F6E3-4160-863D-E7F32F5EA8CA}.Release|Any CPU.Build.0 = Release|Any CPU
		{172D2C03-02A9-49AF-893F-B63873EA0B48}.Debug|Any CPU.ActiveCfg = Debug|Any CPU
		{172D2C03-02A9-49AF-893F-B63873EA0B48}.Debug|Any CPU.Build.0 = Debug|Any CPU
		{172D2C03-02A9-49AF-893F-B63873EA0B48}.Release|Any CPU.ActiveCfg = Release|Any CPU
		{172D2C03-02A9-49AF-893F-B63873EA0B48}.Release|Any CPU.Build.0 = Release|Any CPU
	EndGlobalSection
	GlobalSection(SolutionProperties) = preSolution
		HideSolutionNode = FALSE
	EndGlobalSection
	GlobalSection(ExtensibilityGlobals) = postSolution
		SolutionGuid = {95405B9D-71E1-4A2E-9298-F81807F2BEC6}
	EndGlobalSection
EndGlobal
